
Microsoft Visual Studio Solution File, Format Version 12.00
# Visual Studio Version 16
VisualStudioVersion = 16.0.31410.357
MinimumVisualStudioVersion = 10.0.40219.1
Project("{FAE04EC0-301F-11D3-BF4B-00C04F79EFBC}") = "Blog.Server", "Blog.Server\Blog.Server.csproj", "{B2982DF1-CFE1-49DF-98B8-B5A670A59475}"
EndProject
Global
	GlobalSection(SolutionConfigurationPlatforms) = preSolution
		Debug|Any CPU = Debug|Any CPU
		Release|Any CPU = Release|Any CPU
	EndGlobalSection
	GlobalSection(ProjectConfigurationPlatforms) = postSolution
		{B2982DF1-CFE1-49DF-98B8-B5A670A59475}.Debug|Any CPU.ActiveCfg = Debug|Any CPU
		{B2982DF1-CFE1-49DF-98B8-B5A670A59475}.Debug|Any CPU.Build.0 = Debug|Any CPU
		{B2982DF1-CFE1-49DF-98B8-B5A670A59475}.Release|Any CPU.ActiveCfg = Release|Any CPU
		{B2982DF1-CFE1-49DF-98B8-B5A670A59475}.Release|Any CPU.Build.0 = Release|Any CPU
	EndGlobalSection
	GlobalSection(SolutionProperties) = preSolution
		HideSolutionNode = FALSE
	EndGlobalSection
	GlobalSection(ExtensibilityGlobals) = postSolution
		SolutionGuid = {AC17C516-01E2-4034-955C-63F2DD433BEC}
	EndGlobalSection
EndGlobal
